<?xml version="1.0" encoding="UTF-8"?>
<CodeBlocks_project_file>
	<FileVersion major="1" minor="6"/>
	<Project>
		<Option title="UTAustinVillaBase"/>
		<Option makefile_is_custom="1"/>
		<Option compiler="gcc"/>
		<Option virtualFolders="CMake Files\;CMake Files\cmake\;"/>
		<Build>
			<Target title="all">
				<Option working_dir="/home/robocup3d/Desktop/utRestart"/>
				<Option type="4"/>
				<MakeCommands>
					<Build command="/usr/bin/make -f &quot;/home/robocup3d/Desktop/utRestart/Makefile&quot;  VERBOSE=1 all"/>
					<CompileFile command="/usr/bin/make -f &quot;/home/robocup3d/Desktop/utRestart/Makefile&quot;  VERBOSE=1 &quot;$file&quot;"/>
					<Clean command="/usr/bin/make -f &quot;/home/robocup3d/Desktop/utRestart/Makefile&quot;  VERBOSE=1 clean"/>
					<DistClean command="/usr/bin/make -f &quot;/home/robocup3d/Desktop/utRestart/Makefile&quot;  VERBOSE=1 clean"/>
				</MakeCommands>
			</Target>
			<Target title="rebuild_cache">
				<Option working_dir="/home/robocup3d/Desktop/utRestart"/>
				<Option type="4"/>
				<MakeCommands>
					<Build command="/usr/bin/make -f &quot;/home/robocup3d/Desktop/utRestart/Makefile&quot;  VERBOSE=1 rebuild_cache"/>
					<CompileFile command="/usr/bin/make -f &quot;/home/robocup3d/Desktop/utRestart/Makefile&quot;  VERBOSE=1 &quot;$file&quot;"/>
					<Clean command="/usr/bin/make -f &quot;/home/robocup3d/Desktop/utRestart/Makefile&quot;  VERBOSE=1 clean"/>
					<DistClean command="/usr/bin/make -f &quot;/home/robocup3d/Desktop/utRestart/Makefile&quot;  VERBOSE=1 clean"/>
				</MakeCommands>
			</Target>
			<Target title="edit_cache">
				<Option working_dir="/home/robocup3d/Desktop/utRestart"/>
				<Option type="4"/>
				<MakeCommands>
					<Build command="/usr/bin/make -f &quot;/home/robocup3d/Desktop/utRestart/Makefile&quot;  VERBOSE=1 edit_cache"/>
					<CompileFile command="/usr/bin/make -f &quot;/home/robocup3d/Desktop/utRestart/Makefile&quot;  VERBOSE=1 &quot;$file&quot;"/>
					<Clean command="/usr/bin/make -f &quot;/home/robocup3d/Desktop/utRestart/Makefile&quot;  VERBOSE=1 clean"/>
					<DistClean command="/usr/bin/make -f &quot;/home/robocup3d/Desktop/utRestart/Makefile&quot;  VERBOSE=1 clean"/>
				</MakeCommands>
			</Target>
			<Target title="agentspark">
				<Option output="/home/robocup3d/Desktop/utRestart/agentspark" prefix_auto="0" extension_auto="0"/>
				<Option working_dir="/home/robocup3d/Desktop/utRestart"/>
				<Option object_output="./"/>
				<Option type="1"/>
				<Option compiler="gcc"/>
				<Compiler>
					<Add directory="/home/robocup3d/Desktop/utRestart/utwalk"/>
					<Add directory="/usr/local/include/simspark"/>
				</Compiler>
				<MakeCommands>
					<Build command="/usr/bin/make -f &quot;/home/robocup3d/Desktop/utRestart/Makefile&quot;  VERBOSE=1 agentspark"/>
					<CompileFile command="/usr/bin/make -f &quot;/home/robocup3d/Desktop/utRestart/Makefile&quot;  VERBOSE=1 &quot;$file&quot;"/>
					<Clean command="/usr/bin/make -f &quot;/home/robocup3d/Desktop/utRestart/Makefile&quot;  VERBOSE=1 clean"/>
					<DistClean command="/usr/bin/make -f &quot;/home/robocup3d/Desktop/utRestart/Makefile&quot;  VERBOSE=1 clean"/>
				</MakeCommands>
			</Target>
			<Target title="agentspark/fast">
				<Option output="/home/robocup3d/Desktop/utRestart/agentspark" prefix_auto="0" extension_auto="0"/>
				<Option working_dir="/home/robocup3d/Desktop/utRestart"/>
				<Option object_output="./"/>
				<Option type="1"/>
				<Option compiler="gcc"/>
				<Compiler>
					<Add directory="/home/robocup3d/Desktop/utRestart/utwalk"/>
					<Add directory="/usr/local/include/simspark"/>
				</Compiler>
				<MakeCommands>
					<Build command="/usr/bin/make -f &quot;/home/robocup3d/Desktop/utRestart/Makefile&quot;  VERBOSE=1 agentspark/fast"/>
					<CompileFile command="/usr/bin/make -f &quot;/home/robocup3d/Desktop/utRestart/Makefile&quot;  VERBOSE=1 &quot;$file&quot;"/>
					<Clean command="/usr/bin/make -f &quot;/home/robocup3d/Desktop/utRestart/Makefile&quot;  VERBOSE=1 clean"/>
					<DistClean command="/usr/bin/make -f &quot;/home/robocup3d/Desktop/utRestart/Makefile&quot;  VERBOSE=1 clean"/>
				</MakeCommands>
			</Target>
		</Build>
		<Unit filename="/home/robocup3d/Desktop/utRestart/audio/audio.cc">
			<Option target="agentspark"/>
		</Unit>
		<Unit filename="/home/robocup3d/Desktop/utRestart/audio/audio.h">
			<Option target="agentspark"/>
		</Unit>
		<Unit filename="/home/robocup3d/Desktop/utRestart/behaviors/behavior.cc">
			<Option target="agentspark"/>
		</Unit>
		<Unit filename="/home/robocup3d/Desktop/utRestart/behaviors/behavior.h">
			<Option target="agentspark"/>
		</Unit>
		<Unit filename="/home/robocup3d/Desktop/utRestart/behaviors/checkfall.cc">
			<Option target="agentspark"/>
		</Unit>
		<Unit filename="/home/robocup3d/Desktop/utRestart/behaviors/gazebobehavior.cc">
			<Option target="agentspark"/>
		</Unit>
		<Unit filename="/home/robocup3d/Desktop/utRestart/behaviors/gazebobehavior.h">
			<Option target="agentspark"/>
		</Unit>
		<Unit filename="/home/robocup3d/Desktop/utRestart/behaviors/kicking.cc">
			<Option target="agentspark"/>
		</Unit>
		<Unit filename="/home/robocup3d/Desktop/utRestart/behaviors/naobehavior.cc">
			<Option target="agentspark"/>
		</Unit>
		<Unit filename="/home/robocup3d/Desktop/utRestart/behaviors/naobehavior.h">
			<Option target="agentspark"/>
		</Unit>
		<Unit filename="/home/robocup3d/Desktop/utRestart/behaviors/pkbehaviors.cc">
			<Option target="agentspark"/>
		</Unit>
		<Unit filename="/home/robocup3d/Desktop/utRestart/behaviors/pkbehaviors.h">
			<Option target="agentspark"/>
		</Unit>
		<Unit filename="/home/robocup3d/Desktop/utRestart/behaviors/strategy.cc">
			<Option target="agentspark"/>
		</Unit>
		<Unit filename="/home/robocup3d/Desktop/utRestart/bodymodel/bodymodel.cc">
			<Option target="agentspark"/>
		</Unit>
		<Unit filename="/home/robocup3d/Desktop/utRestart/bodymodel/bodymodel.h">
			<Option target="agentspark"/>
		</Unit>
		<Unit filename="/home/robocup3d/Desktop/utRestart/headers/headers.cc">
			<Option target="agentspark"/>
		</Unit>
		<Unit filename="/home/robocup3d/Desktop/utRestart/headers/headers.h">
			<Option target="agentspark"/>
		</Unit>
		<Unit filename="/home/robocup3d/Desktop/utRestart/ikfast/ikfast.cpp">
			<Option target="agentspark"/>
		</Unit>
		<Unit filename="/home/robocup3d/Desktop/utRestart/ikfast/ikfast.h">
			<Option target="agentspark"/>
		</Unit>
		<Unit filename="/home/robocup3d/Desktop/utRestart/kalman/BallKF.cpp">
			<Option target="agentspark"/>
		</Unit>
		<Unit filename="/home/robocup3d/Desktop/utRestart/kalman/BallKF.h">
			<Option target="agentspark"/>
		</Unit>
		<Unit filename="/home/robocup3d/Desktop/utRestart/kalman/OrigKalmanFilter.cpp">
			<Option target="agentspark"/>
		</Unit>
		<Unit filename="/home/robocup3d/Desktop/utRestart/kalman/OrigKalmanFilter.h">
			<Option target="agentspark"/>
		</Unit>
		<Unit filename="/home/robocup3d/Desktop/utRestart/kalman/PlayerKF.cpp">
			<Option target="agentspark"/>
		</Unit>
		<Unit filename="/home/robocup3d/Desktop/utRestart/kalman/PlayerKF.h">
			<Option target="agentspark"/>
		</Unit>
		<Unit filename="/home/robocup3d/Desktop/utRestart/main.cc">
			<Option target="agentspark"/>
		</Unit>
		<Unit filename="/home/robocup3d/Desktop/utRestart/math/Geometry.cc">
			<Option target="agentspark"/>
		</Unit>
		<Unit filename="/home/robocup3d/Desktop/utRestart/math/Geometry.h">
			<Option target="agentspark"/>
		</Unit>
		<Unit filename="/home/robocup3d/Desktop/utRestart/math/hctmatrix.cc">
			<Option target="agentspark"/>
		</Unit>
		<Unit filename="/home/robocup3d/Desktop/utRestart/math/hctmatrix.h">
			<Option target="agentspark"/>
		</Unit>
		<Unit filename="/home/robocup3d/Desktop/utRestart/math/vecposition.cc">
			<Option target="agentspark"/>
		</Unit>
		<Unit filename="/home/robocup3d/Desktop/utRestart/math/vecposition.h">
			<Option target="agentspark"/>
		</Unit>
		<Unit filename="/home/robocup3d/Desktop/utRestart/optimization/optimizationbehaviors.cc">
			<Option target="agentspark"/>
		</Unit>
		<Unit filename="/home/robocup3d/Desktop/utRestart/optimization/optimizationbehaviors.h">
			<Option target="agentspark"/>
		</Unit>
		<Unit filename="/home/robocup3d/Desktop/utRestart/parser/parser.cc">
			<Option target="agentspark"/>
		</Unit>
		<Unit filename="/home/robocup3d/Desktop/utRestart/parser/parser.h">
			<Option target="agentspark"/>
		</Unit>
		<Unit filename="/home/robocup3d/Desktop/utRestart/particlefilter/PFLocalization.cc">
			<Option target="agentspark"/>
		</Unit>
		<Unit filename="/home/robocup3d/Desktop/utRestart/particlefilter/PFLocalization.h">
			<Option target="agentspark"/>
		</Unit>
		<Unit filename="/home/robocup3d/Desktop/utRestart/particlefilter/Particle.cc">
			<Option target="agentspark"/>
		</Unit>
		<Unit filename="/home/robocup3d/Desktop/utRestart/particlefilter/Particle.h">
			<Option target="agentspark"/>
		</Unit>
		<Unit filename="/home/robocup3d/Desktop/utRestart/rvdraw/rvdraw.cc">
			<Option target="agentspark"/>
		</Unit>
		<Unit filename="/home/robocup3d/Desktop/utRestart/rvdraw/rvdraw.h">
			<Option target="agentspark"/>
		</Unit>
		<Unit filename="/home/robocup3d/Desktop/utRestart/servercomm/primitives.cc">
			<Option target="agentspark"/>
		</Unit>
		<Unit filename="/home/robocup3d/Desktop/utRestart/skills/curve3d.cc">
			<Option target="agentspark"/>
		</Unit>
		<Unit filename="/home/robocup3d/Desktop/utRestart/skills/curve3d.h">
			<Option target="agentspark"/>
		</Unit>
		<Unit filename="/home/robocup3d/Desktop/utRestart/skills/skill.cc">
			<Option target="agentspark"/>
		</Unit>
		<Unit filename="/home/robocup3d/Desktop/utRestart/skills/skill.h">
			<Option target="agentspark"/>
		</Unit>
		<Unit filename="/home/robocup3d/Desktop/utRestart/stats/recordstatsbehavior.cc">
			<Option target="agentspark"/>
		</Unit>
		<Unit filename="/home/robocup3d/Desktop/utRestart/stats/recordstatsbehavior.h">
			<Option target="agentspark"/>
		</Unit>
		<Unit filename="/home/robocup3d/Desktop/utRestart/utwalk/Module.cpp">
			<Option target="agentspark"/>
		</Unit>
		<Unit filename="/home/robocup3d/Desktop/utRestart/utwalk/Module.h">
			<Option target="agentspark"/>
		</Unit>
		<Unit filename="/home/robocup3d/Desktop/utRestart/utwalk/MotionCore.cpp">
			<Option target="agentspark"/>
		</Unit>
		<Unit filename="/home/robocup3d/Desktop/utRestart/utwalk/MotionCore.h">
			<Option target="agentspark"/>
		</Unit>
		<Unit filename="/home/robocup3d/Desktop/utRestart/utwalk/common/NMatrix.cpp">
			<Option target="agentspark"/>
		</Unit>
		<Unit filename="/home/robocup3d/Desktop/utRestart/utwalk/common/NMatrix.h">
			<Option target="agentspark"/>
		</Unit>
		<Unit filename="/home/robocup3d/Desktop/utRestart/utwalk/common/PIDController.cpp">
			<Option target="agentspark"/>
		</Unit>
		<Unit filename="/home/robocup3d/Desktop/utRestart/utwalk/common/PIDController.h">
			<Option target="agentspark"/>
		</Unit>
		<Unit filename="/home/robocup3d/Desktop/utRestart/utwalk/kinematics/ForwardKinematics.cpp">
			<Option target="agentspark"/>
		</Unit>
		<Unit filename="/home/robocup3d/Desktop/utRestart/utwalk/kinematics/ForwardKinematics.h">
			<Option target="agentspark"/>
		</Unit>
		<Unit filename="/home/robocup3d/Desktop/utRestart/utwalk/kinematics/InverseKinematics.cpp">
			<Option target="agentspark"/>
		</Unit>
		<Unit filename="/home/robocup3d/Desktop/utRestart/utwalk/kinematics/InverseKinematics.h">
			<Option target="agentspark"/>
		</Unit>
		<Unit filename="/home/robocup3d/Desktop/utRestart/utwalk/kinematics/KinematicsModule.cpp">
			<Option target="agentspark"/>
		</Unit>
		<Unit filename="/home/robocup3d/Desktop/utRestart/utwalk/kinematics/KinematicsModule.h">
			<Option target="agentspark"/>
		</Unit>
		<Unit filename="/home/robocup3d/Desktop/utRestart/utwalk/math/Geometry.cpp">
			<Option target="agentspark"/>
		</Unit>
		<Unit filename="/home/robocup3d/Desktop/utRestart/utwalk/math/Geometry.h">
			<Option target="agentspark"/>
		</Unit>
		<Unit filename="/home/robocup3d/Desktop/utRestart/utwalk/math/MVTools.cpp">
			<Option target="agentspark"/>
		</Unit>
		<Unit filename="/home/robocup3d/Desktop/utRestart/utwalk/math/MVTools.h">
			<Option target="agentspark"/>
		</Unit>
		<Unit filename="/home/robocup3d/Desktop/utRestart/utwalk/math/RotationMatrix.cpp">
			<Option target="agentspark"/>
		</Unit>
		<Unit filename="/home/robocup3d/Desktop/utRestart/utwalk/math/RotationMatrix.h">
			<Option target="agentspark"/>
		</Unit>
		<Unit filename="/home/robocup3d/Desktop/utRestart/utwalk/memory/Lock.cpp">
			<Option target="agentspark"/>
		</Unit>
		<Unit filename="/home/robocup3d/Desktop/utRestart/utwalk/memory/Lock.h">
			<Option target="agentspark"/>
		</Unit>
		<Unit filename="/home/robocup3d/Desktop/utRestart/utwalk/memory/Logger.cpp">
			<Option target="agentspark"/>
		</Unit>
		<Unit filename="/home/robocup3d/Desktop/utRestart/utwalk/memory/Logger.h">
			<Option target="agentspark"/>
		</Unit>
		<Unit filename="/home/robocup3d/Desktop/utRestart/utwalk/memory/Memory.cpp">
			<Option target="agentspark"/>
		</Unit>
		<Unit filename="/home/robocup3d/Desktop/utRestart/utwalk/memory/Memory.h">
			<Option target="agentspark"/>
		</Unit>
		<Unit filename="/home/robocup3d/Desktop/utRestart/utwalk/memory/MemoryBlock.cpp">
			<Option target="agentspark"/>
		</Unit>
		<Unit filename="/home/robocup3d/Desktop/utRestart/utwalk/memory/MemoryBlock.h">
			<Option target="agentspark"/>
		</Unit>
		<Unit filename="/home/robocup3d/Desktop/utRestart/utwalk/memory/PrivateMemory.cpp">
			<Option target="agentspark"/>
		</Unit>
		<Unit filename="/home/robocup3d/Desktop/utRestart/utwalk/memory/PrivateMemory.h">
			<Option target="agentspark"/>
		</Unit>
		<Unit filename="/home/robocup3d/Desktop/utRestart/utwalk/memory/SharedMemory.cpp">
			<Option target="agentspark"/>
		</Unit>
		<Unit filename="/home/robocup3d/Desktop/utRestart/utwalk/memory/SharedMemory.h">
			<Option target="agentspark"/>
		</Unit>
		<Unit filename="/home/robocup3d/Desktop/utRestart/utwalk/motion/MotionModule.cpp">
			<Option target="agentspark"/>
		</Unit>
		<Unit filename="/home/robocup3d/Desktop/utRestart/utwalk/motion/MotionModule.h">
			<Option target="agentspark"/>
		</Unit>
		<Unit filename="/home/robocup3d/Desktop/utRestart/utwalk/motion/UTWalkEngine.cpp">
			<Option target="agentspark"/>
		</Unit>
		<Unit filename="/home/robocup3d/Desktop/utRestart/utwalk/motion/UTWalkEngine.h">
			<Option target="agentspark"/>
		</Unit>
		<Unit filename="/home/robocup3d/Desktop/utRestart/utwalk/motion/WalkEngineParameters.cpp">
			<Option target="agentspark"/>
		</Unit>
		<Unit filename="/home/robocup3d/Desktop/utRestart/utwalk/motion/WalkEngineParameters.h">
			<Option target="agentspark"/>
		</Unit>
		<Unit filename="/home/robocup3d/Desktop/utRestart/utwalk/sensor/InertialFilter.cpp">
			<Option target="agentspark"/>
		</Unit>
		<Unit filename="/home/robocup3d/Desktop/utRestart/utwalk/sensor/InertialFilter.h">
			<Option target="agentspark"/>
		</Unit>
		<Unit filename="/home/robocup3d/Desktop/utRestart/utwalk/sensor/SensorModule.cpp">
			<Option target="agentspark"/>
		</Unit>
		<Unit filename="/home/robocup3d/Desktop/utRestart/utwalk/sensor/SensorModule.h">
			<Option target="agentspark"/>
		</Unit>
		<Unit filename="/home/robocup3d/Desktop/utRestart/worldmodel/worldmodel.cc">
			<Option target="agentspark"/>
		</Unit>
		<Unit filename="/home/robocup3d/Desktop/utRestart/worldmodel/worldmodel.h">
			<Option target="agentspark"/>
		</Unit>
		<Unit filename="/home/robocup3d/Desktop/utRestart/CMakeLists.txt">
			<Option virtualFolder="CMake Files\"/>
		</Unit>
		<Unit filename="/home/robocup3d/Desktop/utRestart/cmake/FindRcssnet3d.cmake">
			<Option virtualFolder="CMake Files\cmake\"/>
		</Unit>
	</Project>
</CodeBlocks_project_file>
